{
  "name": "@lizen/core",
  "version": "1.0.4",
  "lockfileVersion": 3,
  "requires": true,
  "packages": {
    "": {
      "name": "@lizen/core",
      "version": "1.0.4",
      "license": "ISC",
      "dependencies": {
        "axios": "^1.1.3",
        "colors": "^1.4.0",
        "commander": "^9.3.0",
        "dotenv": "^16.0.1",
        "import-local": "^3.1.0",
        "installed-packages": "^1.0.10",
        "minimist": "^1.2.7",
        "npmlog": "^7.0.1",
        "root-check": "^1.0.0",
        "semver": "^7.3.8",
        "url-join": "^5.0.0",
        "user-home": "^3.0.0"
      },
      "bin": {
        "lizen": "bin/index.js"
      }
    },
    "../../commands/init": {
      "name": "@coomic/init",
      "version": "0.0.4",
      "extraneous": true,
      "license": "ISC"
    },
    "../../utils/log": {
      "name": "@coomic/log",
      "version": "0.0.4",
      "extraneous": true,
      "license": "ISC",
      "dependencies": {
        "npmlog": "^7.0.1"
      }
    },
    "node_modules/abort-controller": {
      "version": "3.0.0",
      "license": "MIT",
      "dependencies": {
        "event-target-shim": "^5.0.0"
      },
      "engines": {
        "node": ">=6.5"
      }
    },
    "node_modules/ansi-regex": {
      "version": "5.0.1",
      "license": "MIT",
      "engines": {
        "node": ">=8"
      }
    },
    "node_modules/ansi-styles": {
      "version": "2.2.1",
      "license": "MIT",
      "engines": {
        "node": ">=0.10.0"
      }
    },
    "node_modules/any-promise": {
      "version": "1.3.0",
      "resolved": "https://registry.npmmirror.com/any-promise/-/any-promise-1.3.0.tgz",
      "integrity": "sha512-7UvmKalWRt1wgjL1RrGxoSJW/0QZFIegpeGvZG9kjp8vrRu55XTHbwnqq2GpXm9uLbcuhxm3IqX9OB4MZR1b2A=="
    },
    "node_modules/aproba": {
      "version": "2.0.0",
      "license": "ISC"
    },
    "node_modules/are-we-there-yet": {
      "version": "4.0.0",
      "license": "ISC",
      "dependencies": {
        "delegates": "^1.0.0",
        "readable-stream": "^4.1.0"
      },
      "engines": {
        "node": "^14.17.0 || ^16.13.0 || >=18.0.0"
      }
    },
    "node_modules/asynckit": {
      "version": "0.4.0",
      "license": "MIT"
    },
    "node_modules/axios": {
      "version": "1.1.3",
      "license": "MIT",
      "dependencies": {
        "follow-redirects": "^1.15.0",
        "form-data": "^4.0.0",
        "proxy-from-env": "^1.1.0"
      }
    },
    "node_modules/base64-js": {
      "version": "1.5.1",
      "funding": [
        {
          "type": "github",
          "url": "https://github.com/sponsors/feross"
        },
        {
          "type": "patreon",
          "url": "https://www.patreon.com/feross"
        },
        {
          "type": "consulting",
          "url": "https://feross.org/support"
        }
      ],
      "license": "MIT"
    },
    "node_modules/buffer": {
      "version": "6.0.3",
      "funding": [
        {
          "type": "github",
          "url": "https://github.com/sponsors/feross"
        },
        {
          "type": "patreon",
          "url": "https://www.patreon.com/feross"
        },
        {
          "type": "consulting",
          "url": "https://feross.org/support"
        }
      ],
      "license": "MIT",
      "dependencies": {
        "base64-js": "^1.3.1",
        "ieee754": "^1.2.1"
      }
    },
    "node_modules/builtin-modules": {
      "version": "3.2.0",
      "resolved": "https://registry.npmmirror.com/builtin-modules/-/builtin-modules-3.2.0.tgz",
      "integrity": "sha512-lGzLKcioL90C7wMczpkY0n/oART3MbBa8R9OFGE1rJxoVI86u4WAGfEk8Wjv10eKSyTHVGkSo3bvBylCEtk7LA==",
      "engines": {
        "node": ">=6"
      }
    },
    "node_modules/chalk": {
      "version": "1.1.3",
      "license": "MIT",
      "dependencies": {
        "ansi-styles": "^2.2.1",
        "escape-string-regexp": "^1.0.2",
        "has-ansi": "^2.0.0",
        "strip-ansi": "^3.0.0",
        "supports-color": "^2.0.0"
      },
      "engines": {
        "node": ">=0.10.0"
      }
    },
    "node_modules/chalk/node_modules/ansi-regex": {
      "version": "2.1.1",
      "license": "MIT",
      "engines": {
        "node": ">=0.10.0"
      }
    },
    "node_modules/chalk/node_modules/strip-ansi": {
      "version": "3.0.1",
      "license": "MIT",
      "dependencies": {
        "ansi-regex": "^2.0.0"
      },
      "engines": {
        "node": ">=0.10.0"
      }
    },
    "node_modules/co": {
      "version": "4.6.0",
      "resolved": "https://registry.npmmirror.com/co/-/co-4.6.0.tgz",
      "integrity": "sha512-QVb0dM5HvG+uaxitm8wONl7jltx8dqhfU33DcqtOZcLSVIKSDDLDi7+0LbAKiyI8hD9u42m2YxXSkMGWThaecQ==",
      "engines": {
        "iojs": ">= 1.0.0",
        "node": ">= 0.12.0"
      }
    },
    "node_modules/color-support": {
      "version": "1.1.3",
      "license": "ISC",
      "bin": {
        "color-support": "bin.js"
      }
    },
    "node_modules/colors": {
      "version": "1.4.0",
      "license": "MIT",
      "engines": {
        "node": ">=0.1.90"
      }
    },
    "node_modules/combined-stream": {
      "version": "1.0.8",
      "license": "MIT",
      "dependencies": {
        "delayed-stream": "~1.0.0"
      },
      "engines": {
        "node": ">= 0.8"
      }
    },
    "node_modules/commander": {
      "version": "9.4.1",
      "license": "MIT",
      "engines": {
        "node": "^12.20.0 || >=14"
      }
    },
    "node_modules/console-control-strings": {
      "version": "1.1.0",
      "license": "ISC"
    },
    "node_modules/cross-spawn": {
      "version": "7.0.3",
      "resolved": "https://registry.npmmirror.com/cross-spawn/-/cross-spawn-7.0.3.tgz",
      "integrity": "sha512-iRDPJKUPVEND7dHPO8rkbOnPpyDygcDFtWjpeWNCgy8WP2rXcxXL8TskReQl6OrB2G7+UJrags1q15Fudc7G6w==",
      "dependencies": {
        "path-key": "^3.1.0",
        "shebang-command": "^2.0.0",
        "which": "^2.0.1"
      },
      "engines": {
        "node": ">= 8"
      }
    },
    "node_modules/default-uid": {
      "version": "1.0.0",
      "license": "MIT",
      "engines": {
        "node": ">=0.10.0"
      }
    },
    "node_modules/delayed-stream": {
      "version": "1.0.0",
      "license": "MIT",
      "engines": {
        "node": ">=0.4.0"
      }
    },
    "node_modules/delegates": {
      "version": "1.0.0",
      "license": "MIT"
    },
    "node_modules/dotenv": {
      "version": "16.0.3",
      "license": "BSD-2-Clause",
      "engines": {
        "node": ">=12"
      }
    },
    "node_modules/downgrade-root": {
      "version": "1.2.2",
      "license": "MIT",
      "dependencies": {
        "default-uid": "^1.0.0",
        "is-root": "^1.0.0"
      },
      "engines": {
        "node": ">=0.10.0"
      }
    },
    "node_modules/emoji-regex": {
      "version": "8.0.0",
      "license": "MIT"
    },
    "node_modules/escape-string-regexp": {
      "version": "1.0.5",
      "license": "MIT",
      "engines": {
        "node": ">=0.8.0"
      }
    },
    "node_modules/event-target-shim": {
      "version": "5.0.1",
      "license": "MIT",
      "engines": {
        "node": ">=6"
      }
    },
    "node_modules/events": {
      "version": "3.3.0",
      "license": "MIT",
      "engines": {
        "node": ">=0.8.x"
      }
    },
    "node_modules/execa": {
      "version": "5.0.0",
      "resolved": "https://registry.npmmirror.com/execa/-/execa-5.0.0.tgz",
      "integrity": "sha512-ov6w/2LCiuyO4RLYGdpFGjkcs0wMTgGE8PrkTHikeUy5iJekXyPIKUjifk5CsE0pt7sMCrMZ3YNqoCj6idQOnQ==",
      "dependencies": {
        "cross-spawn": "^7.0.3",
        "get-stream": "^6.0.0",
        "human-signals": "^2.1.0",
        "is-stream": "^2.0.0",
        "merge-stream": "^2.0.0",
        "npm-run-path": "^4.0.1",
        "onetime": "^5.1.2",
        "signal-exit": "^3.0.3",
        "strip-final-newline": "^2.0.0"
      },
      "engines": {
        "node": ">=10"
      }
    },
    "node_modules/expand-tilde": {
      "version": "2.0.2",
      "resolved": "https://registry.npmmirror.com/expand-tilde/-/expand-tilde-2.0.2.tgz",
      "integrity": "sha512-A5EmesHW6rfnZ9ysHQjPdJRni0SRar0tjtG5MNtm9n5TUvsYU8oozprtRD4AqHxcZWWlVuAmQo2nWKfN9oyjTw==",
      "dependencies": {
        "homedir-polyfill": "^1.0.1"
      },
      "engines": {
        "node": ">=0.10.0"
      }
    },
    "node_modules/find-up": {
      "version": "4.1.0",
      "license": "MIT",
      "dependencies": {
        "locate-path": "^5.0.0",
        "path-exists": "^4.0.0"
      },
      "engines": {
        "node": ">=8"
      }
    },
    "node_modules/follow-redirects": {
      "version": "1.15.2",
      "funding": [
        {
          "type": "individual",
          "url": "https://github.com/sponsors/RubenVerborgh"
        }
      ],
      "license": "MIT",
      "engines": {
        "node": ">=4.0"
      },
      "peerDependenciesMeta": {
        "debug": {
          "optional": true
        }
      }
    },
    "node_modules/form-data": {
      "version": "4.0.0",
      "license": "MIT",
      "dependencies": {
        "asynckit": "^0.4.0",
        "combined-stream": "^1.0.8",
        "mime-types": "^2.1.12"
      },
      "engines": {
        "node": ">= 6"
      }
    },
    "node_modules/gauge": {
      "version": "5.0.0",
      "license": "ISC",
      "dependencies": {
        "aproba": "^1.0.3 || ^2.0.0",
        "color-support": "^1.1.3",
        "console-control-strings": "^1.1.0",
        "has-unicode": "^2.0.1",
        "signal-exit": "^3.0.7",
        "string-width": "^4.2.3",
        "strip-ansi": "^6.0.1",
        "wide-align": "^1.1.5"
      },
      "engines": {
        "node": "^14.17.0 || ^16.13.0 || >=18.0.0"
      }
    },
    "node_modules/get-installed-path": {
      "version": "4.0.8",
      "resolved": "https://registry.npmmirror.com/get-installed-path/-/get-installed-path-4.0.8.tgz",
      "integrity": "sha512-PmANK1xElIHlHH2tXfOoTnSDUjX1X3GvKK6ZyLbUnSCCn1pADwu67eVWttuPzJWrXDDT2MfO6uAaKILOFfitmA==",
      "dependencies": {
        "global-modules": "1.0.0"
      },
      "engines": {
        "node": ">=6",
        "npm": ">=5",
        "yarn": ">=1"
      }
    },
    "node_modules/get-installed-path/node_modules/global-modules": {
      "version": "1.0.0",
      "resolved": "https://registry.npmmirror.com/global-modules/-/global-modules-1.0.0.tgz",
      "integrity": "sha512-sKzpEkf11GpOFuw0Zzjzmt4B4UZwjOcG757PPvrfhxcLFbq0wpsgpOqxpxtxFiCG4DtG93M6XRVbF2oGdev7bg==",
      "dependencies": {
        "global-prefix": "^1.0.1",
        "is-windows": "^1.0.1",
        "resolve-dir": "^1.0.0"
      },
      "engines": {
        "node": ">=0.10.0"
      }
    },
    "node_modules/get-installed-path/node_modules/global-prefix": {
      "version": "1.0.2",
      "resolved": "https://registry.npmmirror.com/global-prefix/-/global-prefix-1.0.2.tgz",
      "integrity": "sha512-5lsx1NUDHtSjfg0eHlmYvZKv8/nVqX4ckFbM+FrGcQ+04KWcWFo9P5MxPZYSzUvyzmdTbI7Eix8Q4IbELDqzKg==",
      "dependencies": {
        "expand-tilde": "^2.0.2",
        "homedir-polyfill": "^1.0.1",
        "ini": "^1.3.4",
        "is-windows": "^1.0.1",
        "which": "^1.2.14"
      },
      "engines": {
        "node": ">=0.10.0"
      }
    },
    "node_modules/get-installed-path/node_modules/which": {
      "version": "1.3.1",
      "resolved": "https://registry.npmmirror.com/which/-/which-1.3.1.tgz",
      "integrity": "sha512-HxJdYWq1MTIQbJ3nw0cqssHoTNU267KlrDuGZ1WYlxDStUtKUhOaJmh112/TZmHxxUfuJqPXSOm7tDyas0OSIQ==",
      "dependencies": {
        "isexe": "^2.0.0"
      },
      "bin": {
        "which": "bin/which"
      }
    },
    "node_modules/get-stream": {
      "version": "6.0.1",
      "resolved": "https://registry.npmmirror.com/get-stream/-/get-stream-6.0.1.tgz",
      "integrity": "sha512-ts6Wi+2j3jQjqi70w5AlN8DFnkSwC+MqmxEzdEALB2qXZYV3X/b1CTfgPLGJNMeAWxdPfU8FO1ms3NUfaHCPYg==",
      "engines": {
        "node": ">=10"
      }
    },
    "node_modules/global-modules": {
      "version": "2.0.0",
      "resolved": "https://registry.npmmirror.com/global-modules/-/global-modules-2.0.0.tgz",
      "integrity": "sha512-NGbfmJBp9x8IxyJSd1P+otYK8vonoJactOogrVfFRIAEY1ukil8RSKDz2Yo7wh1oihl51l/r6W4epkeKJHqL8A==",
      "dependencies": {
        "global-prefix": "^3.0.0"
      },
      "engines": {
        "node": ">=6"
      }
    },
    "node_modules/global-prefix": {
      "version": "3.0.0",
      "resolved": "https://registry.npmmirror.com/global-prefix/-/global-prefix-3.0.0.tgz",
      "integrity": "sha512-awConJSVCHVGND6x3tmMaKcQvwXLhjdkmomy2W+Goaui8YPgYgXJZewhg3fWC+DlfqqQuWg8AwqjGTD2nAPVWg==",
      "dependencies": {
        "ini": "^1.3.5",
        "kind-of": "^6.0.2",
        "which": "^1.3.1"
      },
      "engines": {
        "node": ">=6"
      }
    },
    "node_modules/global-prefix/node_modules/which": {
      "version": "1.3.1",
      "resolved": "https://registry.npmmirror.com/which/-/which-1.3.1.tgz",
      "integrity": "sha512-HxJdYWq1MTIQbJ3nw0cqssHoTNU267KlrDuGZ1WYlxDStUtKUhOaJmh112/TZmHxxUfuJqPXSOm7tDyas0OSIQ==",
      "dependencies": {
        "isexe": "^2.0.0"
      },
      "bin": {
        "which": "bin/which"
      }
    },
    "node_modules/has-ansi": {
      "version": "2.0.0",
      "license": "MIT",
      "dependencies": {
        "ansi-regex": "^2.0.0"
      },
      "engines": {
        "node": ">=0.10.0"
      }
    },
    "node_modules/has-ansi/node_modules/ansi-regex": {
      "version": "2.1.1",
      "license": "MIT",
      "engines": {
        "node": ">=0.10.0"
      }
    },
    "node_modules/has-unicode": {
      "version": "2.0.1",
      "license": "ISC"
    },
    "node_modules/homedir-polyfill": {
      "version": "1.0.3",
      "resolved": "https://registry.npmmirror.com/homedir-polyfill/-/homedir-polyfill-1.0.3.tgz",
      "integrity": "sha512-eSmmWE5bZTK2Nou4g0AI3zZ9rswp7GRKoKXS1BLUkvPviOqs4YTN1djQIqrXy9k5gEtdLPy86JjRwsNM9tnDcA==",
      "dependencies": {
        "parse-passwd": "^1.0.0"
      },
      "engines": {
        "node": ">=0.10.0"
      }
    },
    "node_modules/human-signals": {
      "version": "2.1.0",
      "resolved": "https://registry.npmmirror.com/human-signals/-/human-signals-2.1.0.tgz",
      "integrity": "sha512-B4FFZ6q/T2jhhksgkbEW3HBvWIfDW85snkQgawt07S7J5QXTk6BkNV+0yAeZrM5QpMAdYlocGoljn0sJ/WQkFw==",
      "engines": {
        "node": ">=10.17.0"
      }
    },
    "node_modules/ieee754": {
      "version": "1.2.1",
      "funding": [
        {
          "type": "github",
          "url": "https://github.com/sponsors/feross"
        },
        {
          "type": "patreon",
          "url": "https://www.patreon.com/feross"
        },
        {
          "type": "consulting",
          "url": "https://feross.org/support"
        }
      ],
      "license": "BSD-3-Clause"
    },
    "node_modules/import-local": {
      "version": "3.1.0",
      "license": "MIT",
      "dependencies": {
        "pkg-dir": "^4.2.0",
        "resolve-cwd": "^3.0.0"
      },
      "bin": {
        "import-local-fixture": "fixtures/cli.js"
      },
      "engines": {
        "node": ">=8"
      },
      "funding": {
        "url": "https://github.com/sponsors/sindresorhus"
      }
    },
    "node_modules/ini": {
      "version": "1.3.8",
      "resolved": "https://registry.npmmirror.com/ini/-/ini-1.3.8.tgz",
      "integrity": "sha512-JV/yugV2uzW5iMRSiZAyDtQd+nxtUnjeLt0acNdw98kKLrvuRVyB80tsREOE7yvGVgalhZ6RNXCmEHkUKBKxew=="
    },
    "node_modules/installed-packages": {
      "version": "1.0.10",
      "resolved": "https://registry.npmmirror.com/installed-packages/-/installed-packages-1.0.10.tgz",
      "integrity": "sha512-qh2daaTtHGRBdYPW++8DMRL9eh2m8fXD2Bf4qAOFFAd4GZESuYhnsC3T3HTXPSs3lWi2vKeBle5il/I4ZUiE+Q==",
      "dependencies": {
        "builtin-modules": "3.2.0",
        "co": "4.6.0",
        "mz": "2.7.0",
        "npm-execute": "0.9.10"
      },
      "engines": {
        "node": ">=8.0.0"
      }
    },
    "node_modules/is-docker": {
      "version": "1.1.0",
      "license": "MIT",
      "engines": {
        "node": ">=0.10.0"
      }
    },
    "node_modules/is-fullwidth-code-point": {
      "version": "3.0.0",
      "license": "MIT",
      "engines": {
        "node": ">=8"
      }
    },
    "node_modules/is-root": {
      "version": "1.0.0",
      "license": "MIT",
      "engines": {
        "node": ">=0.10.0"
      }
    },
    "node_modules/is-stream": {
      "version": "2.0.1",
      "resolved": "https://registry.npmmirror.com/is-stream/-/is-stream-2.0.1.tgz",
      "integrity": "sha512-hFoiJiTl63nn+kstHGBtewWSKnQLpyb155KHheA1l39uvtO9nWIop1p3udqPcUd/xbF1VLMO4n7OI6p7RbngDg==",
      "engines": {
        "node": ">=8"
      }
    },
    "node_modules/is-windows": {
      "version": "1.0.2",
      "resolved": "https://registry.npmmirror.com/is-windows/-/is-windows-1.0.2.tgz",
      "integrity": "sha512-eXK1UInq2bPmjyX6e3VHIzMLobc4J94i4AWn+Hpq3OU5KkrRC96OAcR3PRJ/pGu6m8TRnBHP9dkXQVsT/COVIA==",
      "engines": {
        "node": ">=0.10.0"
      }
    },
    "node_modules/isexe": {
      "version": "2.0.0",
      "resolved": "https://registry.npmmirror.com/isexe/-/isexe-2.0.0.tgz",
      "integrity": "sha512-RHxMLp9lnKHGHRng9QFhRCMbYAcVpn69smSGcq3f36xjgVVWThj4qqLbTLlq7Ssj8B+fIQ1EuCEGI2lKsyQeIw=="
    },
    "node_modules/kind-of": {
      "version": "6.0.3",
      "resolved": "https://registry.npmmirror.com/kind-of/-/kind-of-6.0.3.tgz",
      "integrity": "sha512-dcS1ul+9tmeD95T+x28/ehLgd9mENa3LsvDTtzm3vyBEO7RPptvAD+t44WVXaUjTBRcrpFeFlC8WCruUR456hw==",
      "engines": {
        "node": ">=0.10.0"
      }
    },
    "node_modules/locate-path": {
      "version": "5.0.0",
      "license": "MIT",
      "dependencies": {
        "p-locate": "^4.1.0"
      },
      "engines": {
        "node": ">=8"
      }
    },
    "node_modules/lru-cache": {
      "version": "6.0.0",
      "license": "ISC",
      "dependencies": {
        "yallist": "^4.0.0"
      },
      "engines": {
        "node": ">=10"
      }
    },
    "node_modules/merge-stream": {
      "version": "2.0.0",
      "resolved": "https://registry.npmmirror.com/merge-stream/-/merge-stream-2.0.0.tgz",
      "integrity": "sha512-abv/qOcuPfk3URPfDzmZU1LKmuw8kT+0nIHvKrKgFrwifol/doWcdA4ZqsWQ8ENrFKkd67Mfpo/LovbIUsbt3w=="
    },
    "node_modules/mime-db": {
      "version": "1.52.0",
      "license": "MIT",
      "engines": {
        "node": ">= 0.6"
      }
    },
    "node_modules/mime-types": {
      "version": "2.1.35",
      "license": "MIT",
      "dependencies": {
        "mime-db": "1.52.0"
      },
      "engines": {
        "node": ">= 0.6"
      }
    },
    "node_modules/mimic-fn": {
      "version": "2.1.0",
      "resolved": "https://registry.npmmirror.com/mimic-fn/-/mimic-fn-2.1.0.tgz",
      "integrity": "sha512-OqbOk5oEQeAZ8WXWydlu9HJjz9WVdEIvamMCcXmuqUYjTknH/sqsWvhQ3vgwKFRR1HpjvNBKQ37nbJgYzGqGcg==",
      "engines": {
        "node": ">=6"
      }
    },
    "node_modules/minimist": {
      "version": "1.2.7",
      "license": "MIT",
      "funding": {
        "url": "https://github.com/sponsors/ljharb"
      }
    },
    "node_modules/mz": {
      "version": "2.7.0",
      "resolved": "https://registry.npmmirror.com/mz/-/mz-2.7.0.tgz",
      "integrity": "sha512-z81GNO7nnYMEhrGh9LeymoE4+Yr0Wn5McHIZMK5cfQCl+NDX08sCZgUc9/6MHni9IWuFLm1Z3HTCXu2z9fN62Q==",
      "dependencies": {
        "any-promise": "^1.0.0",
        "object-assign": "^4.0.1",
        "thenify-all": "^1.0.0"
      }
    },
    "node_modules/npm-execute": {
      "version": "0.9.10",
      "resolved": "https://registry.npmmirror.com/npm-execute/-/npm-execute-0.9.10.tgz",
      "integrity": "sha512-2jJgK2sSsLU8N/IEEzfIYu7iPIqLh7XhV+g8BoVWzG3i8V9sAxmzCQBtJHhYDX3y63CCRYvkBumITFv/oSgMTQ==",
      "dependencies": {
        "execa": "5.0.0",
        "get-installed-path": "4.0.8",
        "global-modules": "2.0.0",
        "is-windows": "1.0.2"
      },
      "engines": {
        "node": ">=8.0.0"
      }
    },
    "node_modules/npm-run-path": {
      "version": "4.0.1",
      "resolved": "https://registry.npmmirror.com/npm-run-path/-/npm-run-path-4.0.1.tgz",
      "integrity": "sha512-S48WzZW777zhNIrn7gxOlISNAqi9ZC/uQFnRdbeIHhZhCA6UqpkOT8T1G7BvfdgP4Er8gF4sUbaS0i7QvIfCWw==",
      "dependencies": {
        "path-key": "^3.0.0"
      },
      "engines": {
        "node": ">=8"
      }
    },
    "node_modules/npmlog": {
      "version": "7.0.1",
      "license": "ISC",
      "dependencies": {
        "are-we-there-yet": "^4.0.0",
        "console-control-strings": "^1.1.0",
        "gauge": "^5.0.0",
        "set-blocking": "^2.0.0"
      },
      "engines": {
        "node": "^14.17.0 || ^16.13.0 || >=18.0.0"
      }
    },
    "node_modules/object-assign": {
      "version": "4.1.1",
      "resolved": "https://registry.npmmirror.com/object-assign/-/object-assign-4.1.1.tgz",
      "integrity": "sha512-rJgTQnkUnH1sFw8yT6VSU3zD3sWmu6sZhIseY8VX+GRu3P6F7Fu+JNDoXfklElbLJSnc3FUQHVe4cU5hj+BcUg==",
      "engines": {
        "node": ">=0.10.0"
      }
    },
    "node_modules/onetime": {
      "version": "5.1.2",
      "resolved": "https://registry.npmmirror.com/onetime/-/onetime-5.1.2.tgz",
      "integrity": "sha512-kbpaSSGJTWdAY5KPVeMOKXSrPtr8C8C7wodJbcsd51jRnmD+GZu8Y0VoU6Dm5Z4vWr0Ig/1NKuWRKf7j5aaYSg==",
      "dependencies": {
        "mimic-fn": "^2.1.0"
      },
      "engines": {
        "node": ">=6"
      }
    },
    "node_modules/os-homedir": {
      "version": "1.0.2",
      "license": "MIT",
      "engines": {
        "node": ">=0.10.0"
      }
    },
    "node_modules/p-limit": {
      "version": "2.3.0",
      "license": "MIT",
      "dependencies": {
        "p-try": "^2.0.0"
      },
      "engines": {
        "node": ">=6"
      },
      "funding": {
        "url": "https://github.com/sponsors/sindresorhus"
      }
    },
    "node_modules/p-locate": {
      "version": "4.1.0",
      "license": "MIT",
      "dependencies": {
        "p-limit": "^2.2.0"
      },
      "engines": {
        "node": ">=8"
      }
    },
    "node_modules/p-try": {
      "version": "2.2.0",
      "license": "MIT",
      "engines": {
        "node": ">=6"
      }
    },
    "node_modules/parse-passwd": {
      "version": "1.0.0",
      "resolved": "https://registry.npmmirror.com/parse-passwd/-/parse-passwd-1.0.0.tgz",
      "integrity": "sha512-1Y1A//QUXEZK7YKz+rD9WydcE1+EuPr6ZBgKecAB8tmoW6UFv0NREVJe1p+jRxtThkcbbKkfwIbWJe/IeE6m2Q==",
      "engines": {
        "node": ">=0.10.0"
      }
    },
    "node_modules/path-exists": {
      "version": "4.0.0",
      "license": "MIT",
      "engines": {
        "node": ">=8"
      }
    },
    "node_modules/path-key": {
      "version": "3.1.1",
      "resolved": "https://registry.npmmirror.com/path-key/-/path-key-3.1.1.tgz",
      "integrity": "sha512-ojmeN0qd+y0jszEtoY48r0Peq5dwMEkIlCOu6Q5f41lfkswXuKtYrhgoTpLnyIcHm24Uhqx+5Tqm2InSwLhE6Q==",
      "engines": {
        "node": ">=8"
      }
    },
    "node_modules/pkg-dir": {
      "version": "4.2.0",
      "license": "MIT",
      "dependencies": {
        "find-up": "^4.0.0"
      },
      "engines": {
        "node": ">=8"
      }
    },
    "node_modules/process": {
      "version": "0.11.10",
      "license": "MIT",
      "engines": {
        "node": ">= 0.6.0"
      }
    },
    "node_modules/proxy-from-env": {
      "version": "1.1.0",
      "license": "MIT"
    },
    "node_modules/readable-stream": {
      "version": "4.2.0",
      "license": "MIT",
      "dependencies": {
        "abort-controller": "^3.0.0",
        "buffer": "^6.0.3",
        "events": "^3.3.0",
        "process": "^0.11.10"
      },
      "engines": {
        "node": "^12.22.0 || ^14.17.0 || >=16.0.0"
      }
    },
    "node_modules/resolve-cwd": {
      "version": "3.0.0",
      "license": "MIT",
      "dependencies": {
        "resolve-from": "^5.0.0"
      },
      "engines": {
        "node": ">=8"
      }
    },
    "node_modules/resolve-dir": {
      "version": "1.0.1",
      "resolved": "https://registry.npmmirror.com/resolve-dir/-/resolve-dir-1.0.1.tgz",
      "integrity": "sha512-R7uiTjECzvOsWSfdM0QKFNBVFcK27aHOUwdvK53BcW8zqnGdYp0Fbj82cy54+2A4P2tFM22J5kRfe1R+lM/1yg==",
      "dependencies": {
        "expand-tilde": "^2.0.0",
        "global-modules": "^1.0.0"
      },
      "engines": {
        "node": ">=0.10.0"
      }
    },
    "node_modules/resolve-dir/node_modules/global-modules": {
      "version": "1.0.0",
      "resolved": "https://registry.npmmirror.com/global-modules/-/global-modules-1.0.0.tgz",
      "integrity": "sha512-sKzpEkf11GpOFuw0Zzjzmt4B4UZwjOcG757PPvrfhxcLFbq0wpsgpOqxpxtxFiCG4DtG93M6XRVbF2oGdev7bg==",
      "dependencies": {
        "global-prefix": "^1.0.1",
        "is-windows": "^1.0.1",
        "resolve-dir": "^1.0.0"
      },
      "engines": {
        "node": ">=0.10.0"
      }
    },
    "node_modules/resolve-dir/node_modules/global-prefix": {
      "version": "1.0.2",
      "resolved": "https://registry.npmmirror.com/global-prefix/-/global-prefix-1.0.2.tgz",
      "integrity": "sha512-5lsx1NUDHtSjfg0eHlmYvZKv8/nVqX4ckFbM+FrGcQ+04KWcWFo9P5MxPZYSzUvyzmdTbI7Eix8Q4IbELDqzKg==",
      "dependencies": {
        "expand-tilde": "^2.0.2",
        "homedir-polyfill": "^1.0.1",
        "ini": "^1.3.4",
        "is-windows": "^1.0.1",
        "which": "^1.2.14"
      },
      "engines": {
        "node": ">=0.10.0"
      }
    },
    "node_modules/resolve-dir/node_modules/which": {
      "version": "1.3.1",
      "resolved": "https://registry.npmmirror.com/which/-/which-1.3.1.tgz",
      "integrity": "sha512-HxJdYWq1MTIQbJ3nw0cqssHoTNU267KlrDuGZ1WYlxDStUtKUhOaJmh112/TZmHxxUfuJqPXSOm7tDyas0OSIQ==",
      "dependencies": {
        "isexe": "^2.0.0"
      },
      "bin": {
        "which": "bin/which"
      }
    },
    "node_modules/resolve-from": {
      "version": "5.0.0",
      "license": "MIT",
      "engines": {
        "node": ">=8"
      }
    },
    "node_modules/root-check": {
      "version": "1.0.0",
      "license": "MIT",
      "dependencies": {
        "downgrade-root": "^1.0.0",
        "sudo-block": "^1.1.0"
      },
      "engines": {
        "node": ">=0.10.0"
      }
    },
    "node_modules/semver": {
      "version": "7.3.8",
      "license": "ISC",
      "dependencies": {
        "lru-cache": "^6.0.0"
      },
      "bin": {
        "semver": "bin/semver.js"
      },
      "engines": {
        "node": ">=10"
      }
    },
    "node_modules/set-blocking": {
      "version": "2.0.0",
      "license": "ISC"
    },
    "node_modules/shebang-command": {
      "version": "2.0.0",
      "resolved": "https://registry.npmmirror.com/shebang-command/-/shebang-command-2.0.0.tgz",
      "integrity": "sha512-kHxr2zZpYtdmrN1qDjrrX/Z1rR1kG8Dx+gkpK1G4eXmvXswmcE1hTWBWYUzlraYw1/yZp6YuDY77YtvbN0dmDA==",
      "dependencies": {
        "shebang-regex": "^3.0.0"
      },
      "engines": {
        "node": ">=8"
      }
    },
    "node_modules/shebang-regex": {
      "version": "3.0.0",
      "resolved": "https://registry.npmmirror.com/shebang-regex/-/shebang-regex-3.0.0.tgz",
      "integrity": "sha512-7++dFhtcx3353uBaq8DDR4NuxBetBzC7ZQOhmTQInHEd6bSrXdiEyzCvG07Z44UYdLShWUyXt5M/yhz8ekcb1A==",
      "engines": {
        "node": ">=8"
      }
    },
    "node_modules/signal-exit": {
      "version": "3.0.7",
      "license": "ISC"
    },
    "node_modules/string-width": {
      "version": "4.2.3",
      "license": "MIT",
      "dependencies": {
        "emoji-regex": "^8.0.0",
        "is-fullwidth-code-point": "^3.0.0",
        "strip-ansi": "^6.0.1"
      },
      "engines": {
        "node": ">=8"
      }
    },
    "node_modules/strip-ansi": {
      "version": "6.0.1",
      "license": "MIT",
      "dependencies": {
        "ansi-regex": "^5.0.1"
      },
      "engines": {
        "node": ">=8"
      }
    },
    "node_modules/strip-final-newline": {
      "version": "2.0.0",
      "resolved": "https://registry.npmmirror.com/strip-final-newline/-/strip-final-newline-2.0.0.tgz",
      "integrity": "sha512-BrpvfNAE3dcvq7ll3xVumzjKjZQ5tI1sEUIKr3Uoks0XUl45St3FlatVqef9prk4jRDzhW6WZg+3bk93y6pLjA==",
      "engines": {
        "node": ">=6"
      }
    },
    "node_modules/sudo-block": {
      "version": "1.2.0",
      "license": "MIT",
      "dependencies": {
        "chalk": "^1.0.0",
        "is-docker": "^1.0.0",
        "is-root": "^1.0.0"
      },
      "engines": {
        "node": ">=0.10.0"
      }
    },
    "node_modules/supports-color": {
      "version": "2.0.0",
      "license": "MIT",
      "engines": {
        "node": ">=0.8.0"
      }
    },
    "node_modules/thenify": {
      "version": "3.3.1",
      "resolved": "https://registry.npmmirror.com/thenify/-/thenify-3.3.1.tgz",
      "integrity": "sha512-RVZSIV5IG10Hk3enotrhvz0T9em6cyHBLkH/YAZuKqd8hRkKhSfCGIcP2KUY0EPxndzANBmNllzWPwak+bheSw==",
      "dependencies": {
        "any-promise": "^1.0.0"
      }
    },
    "node_modules/thenify-all": {
      "version": "1.6.0",
      "resolved": "https://registry.npmmirror.com/thenify-all/-/thenify-all-1.6.0.tgz",
      "integrity": "sha512-RNxQH/qI8/t3thXJDwcstUO4zeqo64+Uy/+sNVRBx4Xn2OX+OZ9oP+iJnNFqplFra2ZUVeKCSa2oVWi3T4uVmA==",
      "dependencies": {
        "thenify": ">= 3.1.0 < 4"
      },
      "engines": {
        "node": ">=0.8"
      }
    },
    "node_modules/url-join": {
      "version": "5.0.0",
      "license": "MIT",
      "engines": {
        "node": "^12.20.0 || ^14.13.1 || >=16.0.0"
      }
    },
    "node_modules/user-home": {
      "version": "3.0.0",
      "license": "MIT",
      "dependencies": {
        "os-homedir": "^1.0.0"
      },
      "engines": {
        "node": ">=0.10.0"
      }
    },
    "node_modules/which": {
      "version": "2.0.2",
      "resolved": "https://registry.npmmirror.com/which/-/which-2.0.2.tgz",
      "integrity": "sha512-BLI3Tl1TW3Pvl70l3yq3Y64i+awpwXqsGBYWkkqMtnbXgrMD+yj7rhW0kuEDxzJaYXGjEW5ogapKNMEKNMjibA==",
      "dependencies": {
        "isexe": "^2.0.0"
      },
      "bin": {
        "node-which": "bin/node-which"
      },
      "engines": {
        "node": ">= 8"
      }
    },
    "node_modules/wide-align": {
      "version": "1.1.5",
      "license": "ISC",
      "dependencies": {
        "string-width": "^1.0.2 || 2 || 3 || 4"
      }
    },
    "node_modules/yallist": {
      "version": "4.0.0",
      "license": "ISC"
    }
  }
}
